
Microsoft Visual Studio Solution File, Format Version 12.00
# Visual Studio Version 17
VisualStudioVersion = 17.0.31903.59
MinimumVisualStudioVersion = 10.0.40219.1
Project("{FAE04EC0-301F-11D3-BF4B-00C04F79EFBC}") = "SamSWAT.FireSupport.Core", "project\SamSWAT.FireSupport\SamSWAT.FireSupport.Core.csproj", "{7090B555-280C-4839-A367-C874414EC11F}"
EndProject
Project("{FAE04EC0-301F-11D3-BF4B-00C04F79EFBC}") = "SamSWAT.FireSupport.Server", "project\SamSWAT.FireSupport.Server\SamSWAT.FireSupport.Server.csproj", "{0C20B0FC-EC60-40AD-8BA9-6FFF5C084849}"
EndProject
Project("{2150E333-8FDC-42A3-9474-1A3956D46DE8}") = "project", "project", "{EB1B1211-640D-0C76-A929-990D115248FD}"
EndProject
Project("{FAE04EC0-301F-11D3-BF4B-00C04F79EFBC}") = "SamSWAT.FireSupport.Fika.Interop", "project\SamSWAT.FireSupport.Fika.Interop\SamSWAT.FireSupport.Fika.Interop.csproj", "{FC4AB935-71F3-48C2-A7A6-B2396E39BF41}"
EndProject
Project("{2150E333-8FDC-42A3-9474-1A3956D46DE8}") = "SamSWAT.FireSupport", "SamSWAT.FireSupport", "{505D6A1F-CE3B-A7AB-75AA-317318491251}"
EndProject
Global
	GlobalSection(SolutionConfigurationPlatforms) = preSolution
		Debug|Any CPU = Debug|Any CPU
		Debug|x64 = Debug|x64
		Debug|x86 = Debug|x86
		SPT-3.10 Release|Any CPU = SPT-3.10 Release|Any CPU
		SPT-3.10 Release|x64 = SPT-3.10 Release|x64
		SPT-3.10 Release|x86 = SPT-3.10 Release|x86
		SPT-3.11 Release|Any CPU = SPT-3.11 Release|Any CPU
		SPT-3.11 Release|x64 = SPT-3.11 Release|x64
		SPT-3.11 Release|x86 = SPT-3.11 Release|x86
		SPT-4.0 Release|Any CPU = SPT-4.0 Release|Any CPU
		SPT-4.0 Release|x64 = SPT-4.0 Release|x64
		SPT-4.0 Release|x86 = SPT-4.0 Release|x86
		Release|Any CPU = Release|Any CPU
		Release|x64 = Release|x64
		Release|x86 = Release|x86
	EndGlobalSection
	GlobalSection(ProjectConfigurationPlatforms) = postSolution
		{7090B555-280C-4839-A367-C874414EC11F}.Debug|Any CPU.ActiveCfg = Debug|Any CPU
		{7090B555-280C-4839-A367-C874414EC11F}.Debug|Any CPU.Build.0 = Debug|Any CPU
		{7090B555-280C-4839-A367-C874414EC11F}.Debug|x64.ActiveCfg = Debug|Any CPU
		{7090B555-280C-4839-A367-C874414EC11F}.Debug|x64.Build.0 = Debug|Any CPU
		{7090B555-280C-4839-A367-C874414EC11F}.Debug|x86.ActiveCfg = Debug|Any CPU
		{7090B555-280C-4839-A367-C874414EC11F}.Debug|x86.Build.0 = Debug|Any CPU
		{7090B555-280C-4839-A367-C874414EC11F}.SPT-3.10 Release|Any CPU.ActiveCfg = SPT-3.10 Release|Any CPU
		{7090B555-280C-4839-A367-C874414EC11F}.SPT-3.10 Release|Any CPU.Build.0 = SPT-3.10 Release|Any CPU
		{7090B555-280C-4839-A367-C874414EC11F}.SPT-3.10 Release|x64.ActiveCfg = SPT-3.10 Release|Any CPU
		{7090B555-280C-4839-A367-C874414EC11F}.SPT-3.10 Release|x64.Build.0 = SPT-3.10 Release|Any CPU
		{7090B555-280C-4839-A367-C874414EC11F}.SPT-3.10 Release|x86.ActiveCfg = SPT-3.10 Release|Any CPU
		{7090B555-280C-4839-A367-C874414EC11F}.SPT-3.10 Release|x86.Build.0 = SPT-3.10 Release|Any CPU
		{7090B555-280C-4839-A367-C874414EC11F}.SPT-3.11 Release|Any CPU.ActiveCfg = SPT-3.11 Release|Any CPU
		{7090B555-280C-4839-A367-C874414EC11F}.SPT-3.11 Release|Any CPU.Build.0 = SPT-3.11 Release|Any CPU
		{7090B555-280C-4839-A367-C874414EC11F}.SPT-3.11 Release|x64.ActiveCfg = SPT-3.11 Release|Any CPU
		{7090B555-280C-4839-A367-C874414EC11F}.SPT-3.11 Release|x64.Build.0 = SPT-3.11 Release|Any CPU
		{7090B555-280C-4839-A367-C874414EC11F}.SPT-3.11 Release|x86.ActiveCfg = SPT-3.11 Release|Any CPU
		{7090B555-280C-4839-A367-C874414EC11F}.SPT-3.11 Release|x86.Build.0 = SPT-3.11 Release|Any CPU
		{7090B555-280C-4839-A367-C874414EC11F}.SPT-4.0 Release|Any CPU.ActiveCfg = SPT-4.0 Release|Any CPU
		{7090B555-280C-4839-A367-C874414EC11F}.SPT-4.0 Release|Any CPU.Build.0 = SPT-4.0 Release|Any CPU
		{7090B555-280C-4839-A367-C874414EC11F}.SPT-4.0 Release|x64.ActiveCfg = SPT-4.0 Release|Any CPU
		{7090B555-280C-4839-A367-C874414EC11F}.SPT-4.0 Release|x64.Build.0 = SPT-4.0 Release|Any CPU
		{7090B555-280C-4839-A367-C874414EC11F}.SPT-4.0 Release|x86.ActiveCfg = SPT-4.0 Release|Any CPU
		{7090B555-280C-4839-A367-C874414EC11F}.SPT-4.0 Release|x86.Build.0 = SPT-4.0 Release|Any CPU
		{7090B555-280C-4839-A367-C874414EC11F}.Release|Any CPU.ActiveCfg = Release|Any CPU
		{7090B555-280C-4839-A367-C874414EC11F}.Release|Any CPU.Build.0 = Release|Any CPU
		{7090B555-280C-4839-A367-C874414EC11F}.Release|x64.ActiveCfg = Release|Any CPU
		{7090B555-280C-4839-A367-C874414EC11F}.Release|x64.Build.0 = Release|Any CPU
		{7090B555-280C-4839-A367-C874414EC11F}.Release|x86.ActiveCfg = Release|Any CPU
		{7090B555-280C-4839-A367-C874414EC11F}.Release|x86.Build.0 = Release|Any CPU
		{0C20B0FC-EC60-40AD-8BA9-6FFF5C084849}.Debug|Any CPU.ActiveCfg = Debug|Any CPU
		{0C20B0FC-EC60-40AD-8BA9-6FFF5C084849}.Debug|Any CPU.Build.0 = Debug|Any CPU
		{0C20B0FC-EC60-40AD-8BA9-6FFF5C084849}.Debug|x64.ActiveCfg = Debug|Any CPU
		{0C20B0FC-EC60-40AD-8BA9-6FFF5C084849}.Debug|x64.Build.0 = Debug|Any CPU
		{0C20B0FC-EC60-40AD-8BA9-6FFF5C084849}.Debug|x86.ActiveCfg = Debug|Any CPU
		{0C20B0FC-EC60-40AD-8BA9-6FFF5C084849}.Debug|x86.Build.0 = Debug|Any CPU
		{0C20B0FC-EC60-40AD-8BA9-6FFF5C084849}.SPT-3.10 Release|Any CPU.ActiveCfg = SPT-3.10 Release|Any CPU
		{0C20B0FC-EC60-40AD-8BA9-6FFF5C084849}.SPT-3.10 Release|Any CPU.Build.0 = SPT-3.10 Release|Any CPU
		{0C20B0FC-EC60-40AD-8BA9-6FFF5C084849}.SPT-3.10 Release|x64.ActiveCfg = SPT-3.10 Release|Any CPU
		{0C20B0FC-EC60-40AD-8BA9-6FFF5C084849}.SPT-3.10 Release|x64.Build.0 = SPT-3.10 Release|Any CPU
		{0C20B0FC-EC60-40AD-8BA9-6FFF5C084849}.SPT-3.10 Release|x86.ActiveCfg = SPT-3.10 Release|Any CPU
		{0C20B0FC-EC60-40AD-8BA9-6FFF5C084849}.SPT-3.10 Release|x86.Build.0 = SPT-3.10 Release|Any CPU
		{0C20B0FC-EC60-40AD-8BA9-6FFF5C084849}.SPT-3.11 Release|Any CPU.ActiveCfg = SPT-3.11 Release|Any CPU
		{0C20B0FC-EC60-40AD-8BA9-6FFF5C084849}.SPT-3.11 Release|Any CPU.Build.0 = SPT-3.11 Release|Any CPU
		{0C20B0FC-EC60-40AD-8BA9-6FFF5C084849}.SPT-3.11 Release|x64.ActiveCfg = SPT-3.11 Release|Any CPU
		{0C20B0FC-EC60-40AD-8BA9-6FFF5C084849}.SPT-3.11 Release|x64.Build.0 = SPT-3.11 Release|Any CPU
		{0C20B0FC-EC60-40AD-8BA9-6FFF5C084849}.SPT-3.11 Release|x86.ActiveCfg = SPT-3.11 Release|Any CPU
		{0C20B0FC-EC60-40AD-8BA9-6FFF5C084849}.SPT-3.11 Release|x86.Build.0 = SPT-3.11 Release|Any CPU
		{0C20B0FC-EC60-40AD-8BA9-6FFF5C084849}.SPT-4.0 Release|Any CPU.ActiveCfg = SPT-4.0 Release|Any CPU
		{0C20B0FC-EC60-40AD-8BA9-6FFF5C084849}.SPT-4.0 Release|Any CPU.Build.0 = SPT-4.0 Release|Any CPU
		{0C20B0FC-EC60-40AD-8BA9-6FFF5C084849}.SPT-4.0 Release|x64.ActiveCfg = SPT-4.0 Release|Any CPU
		{0C20B0FC-EC60-40AD-8BA9-6FFF5C084849}.SPT-4.0 Release|x64.Build.0 = SPT-4.0 Release|Any CPU
		{0C20B0FC-EC60-40AD-8BA9-6FFF5C084849}.SPT-4.0 Release|x86.ActiveCfg = SPT-4.0 Release|Any CPU
		{0C20B0FC-EC60-40AD-8BA9-6FFF5C084849}.SPT-4.0 Release|x86.Build.0 = SPT-4.0 Release|Any CPU
		{0C20B0FC-EC60-40AD-8BA9-6FFF5C084849}.Release|Any CPU.ActiveCfg = Release|Any CPU
		{0C20B0FC-EC60-40AD-8BA9-6FFF5C084849}.Release|Any CPU.Build.0 = Release|Any CPU
		{0C20B0FC-EC60-40AD-8BA9-6FFF5C084849}.Release|x64.ActiveCfg = Release|Any CPU
		{0C20B0FC-EC60-40AD-8BA9-6FFF5C084849}.Release|x64.Build.0 = Release|Any CPU
		{0C20B0FC-EC60-40AD-8BA9-6FFF5C084849}.Release|x86.ActiveCfg = Release|Any CPU
		{0C20B0FC-EC60-40AD-8BA9-6FFF5C084849}.Release|x86.Build.0 = Release|Any CPU
		{FC4AB935-71F3-48C2-A7A6-B2396E39BF41}.Debug|Any CPU.ActiveCfg = Debug|Any CPU
		{FC4AB935-71F3-48C2-A7A6-B2396E39BF41}.Debug|Any CPU.Build.0 = Debug|Any CPU
		{FC4AB935-71F3-48C2-A7A6-B2396E39BF41}.Debug|x64.ActiveCfg = Debug|Any CPU
		{FC4AB935-71F3-48C2-A7A6-B2396E39BF41}.Debug|x64.Build.0 = Debug|Any CPU
		{FC4AB935-71F3-48C2-A7A6-B2396E39BF41}.Debug|x86.ActiveCfg = Debug|Any CPU
		{FC4AB935-71F3-48C2-A7A6-B2396E39BF41}.Debug|x86.Build.0 = Debug|Any CPU
		{FC4AB935-71F3-48C2-A7A6-B2396E39BF41}.SPT-3.10 Release|Any CPU.ActiveCfg = SPT-3.10 Release|Any CPU
		{FC4AB935-71F3-48C2-A7A6-B2396E39BF41}.SPT-3.10 Release|Any CPU.Build.0 = SPT-3.10 Release|Any CPU
		{FC4AB935-71F3-48C2-A7A6-B2396E39BF41}.SPT-3.10 Release|x64.ActiveCfg = SPT-3.10 Release|Any CPU
		{FC4AB935-71F3-48C2-A7A6-B2396E39BF41}.SPT-3.10 Release|x64.Build.0 = SPT-3.10 Release|Any CPU
		{FC4AB935-71F3-48C2-A7A6-B2396E39BF41}.SPT-3.10 Release|x86.ActiveCfg = SPT-3.10 Release|Any CPU
		{FC4AB935-71F3-48C2-A7A6-B2396E39BF41}.SPT-3.10 Release|x86.Build.0 = SPT-3.10 Release|Any CPU
		{FC4AB935-71F3-48C2-A7A6-B2396E39BF41}.SPT-3.11 Release|Any CPU.ActiveCfg = SPT-3.11 Release|Any CPU
		{FC4AB935-71F3-48C2-A7A6-B2396E39BF41}.SPT-3.11 Release|Any CPU.Build.0 = SPT-3.11 Release|Any CPU
		{FC4AB935-71F3-48C2-A7A6-B2396E39BF41}.SPT-3.11 Release|x64.ActiveCfg = SPT-3.11 Release|Any CPU
		{FC4AB935-71F3-48C2-A7A6-B2396E39BF41}.SPT-3.11 Release|x64.Build.0 = SPT-3.11 Release|Any CPU
		{FC4AB935-71F3-48C2-A7A6-B2396E39BF41}.SPT-3.11 Release|x86.ActiveCfg = SPT-3.11 Release|Any CPU
		{FC4AB935-71F3-48C2-A7A6-B2396E39BF41}.SPT-3.11 Release|x86.Build.0 = SPT-3.11 Release|Any CPU
		{FC4AB935-71F3-48C2-A7A6-B2396E39BF41}.SPT-4.0 Release|Any CPU.ActiveCfg = SPT-4.0 Release|Any CPU
		{FC4AB935-71F3-48C2-A7A6-B2396E39BF41}.SPT-4.0 Release|Any CPU.Build.0 = SPT-4.0 Release|Any CPU
		{FC4AB935-71F3-48C2-A7A6-B2396E39BF41}.SPT-4.0 Release|x64.ActiveCfg = SPT-4.0 Release|Any CPU
		{FC4AB935-71F3-48C2-A7A6-B2396E39BF41}.SPT-4.0 Release|x64.Build.0 = SPT-4.0 Release|Any CPU
		{FC4AB935-71F3-48C2-A7A6-B2396E39BF41}.SPT-4.0 Release|x86.ActiveCfg = SPT-4.0 Release|Any CPU
		{FC4AB935-71F3-48C2-A7A6-B2396E39BF41}.SPT-4.0 Release|x86.Build.0 = SPT-4.0 Release|Any CPU
		{FC4AB935-71F3-48C2-A7A6-B2396E39BF41}.Release|Any CPU.ActiveCfg = Debug|Any CPU
		{FC4AB935-71F3-48C2-A7A6-B2396E39BF41}.Release|Any CPU.Build.0 = Debug|Any CPU
		{FC4AB935-71F3-48C2-A7A6-B2396E39BF41}.Release|x64.ActiveCfg = Debug|Any CPU
		{FC4AB935-71F3-48C2-A7A6-B2396E39BF41}.Release|x64.Build.0 = Debug|Any CPU
		{FC4AB935-71F3-48C2-A7A6-B2396E39BF41}.Release|x86.ActiveCfg = Debug|Any CPU
		{FC4AB935-71F3-48C2-A7A6-B2396E39BF41}.Release|x86.Build.0 = Debug|Any CPU
	EndGlobalSection
	GlobalSection(SolutionProperties) = preSolution
		HideSolutionNode = FALSE
	EndGlobalSection
	GlobalSection(NestedProjects) = preSolution
		{FC4AB935-71F3-48C2-A7A6-B2396E39BF41} = {EB1B1211-640D-0C76-A929-990D115248FD}
		{505D6A1F-CE3B-A7AB-75AA-317318491251} = {EB1B1211-640D-0C76-A929-990D115248FD}
	EndGlobalSection
EndGlobal
